
Microsoft Visual Studio Solution File, Format Version 12.00
# Visual Studio 15
Project("{FAE04EC0-301F-11D3-BF4B-00C04F79EFBC}") = "Assembly-CSharp", "Assembly-CSharp.csproj", "{89F5AFA4-CC95-00ED-2DEF-8F49E107A812}"
EndProject
Project("{FAE04EC0-301F-11D3-BF4B-00C04F79EFBC}") = "Assembly-CSharp-Editor", "Assembly-CSharp-Editor.csproj", "{31A43CC0-0E9F-57C1-EB69-ED73AC2AEAD8}"
EndProject
Global
	GlobalSection(SolutionConfigurationPlatforms) = preSolution
		Debug|Any CPU = Debug|Any CPU
		Release|Any CPU = Release|Any CPU
	EndGlobalSection
	GlobalSection(ProjectConfigurationPlatforms) = postSolution
		{89F5AFA4-CC95-00ED-2DEF-8F49E107A812}.Debug|Any CPU.ActiveCfg = Debug|Any CPU
		{89F5AFA4-CC95-00ED-2DEF-8F49E107A812}.Debug|Any CPU.Build.0 = Debug|Any CPU
		{89F5AFA4-CC95-00ED-2DEF-8F49E107A812}.Release|Any CPU.ActiveCfg = Release|Any CPU
		{89F5AFA4-CC95-00ED-2DEF-8F49E107A812}.Release|Any CPU.Build.0 = Release|Any CPU
		{31A43CC0-0E9F-57C1-EB69-ED73AC2AEAD8}.Debug|Any CPU.ActiveCfg = Debug|Any CPU
		{31A43CC0-0E9F-57C1-EB69-ED73AC2AEAD8}.Debug|Any CPU.Build.0 = Debug|Any CPU
		{31A43CC0-0E9F-57C1-EB69-ED73AC2AEAD8}.Release|Any CPU.ActiveCfg = Release|Any CPU
		{31A43CC0-0E9F-57C1-EB69-ED73AC2AEAD8}.Release|Any CPU.Build.0 = Release|Any CPU
	EndGlobalSection
	GlobalSection(SolutionProperties) = preSolution
		HideSolutionNode = FALSE
	EndGlobalSection
EndGlobal
